
Microsoft Visual Studio Solution File, Format Version 12.00
# Visual Studio Version 17
VisualStudioVersion = 17.9.34728.123
MinimumVisualStudioVersion = 10.0.40219.1
Project("{FAE04EC0-301F-11D3-BF4B-00C04F79EFBC}") = "BlazorCalculatorApp", "BlazorCalculatorApp\BlazorCalculatorApp.csproj", "{968B6DFA-394C-404D-947A-A1086F8CE8A3}"
EndProject
Global
	GlobalSection(SolutionConfigurationPlatforms) = preSolution
		Debug|Any CPU = Debug|Any CPU
		Release|Any CPU = Release|Any CPU
	EndGlobalSection
	GlobalSection(ProjectConfigurationPlatforms) = postSolution
		{968B6DFA-394C-404D-947A-A1086F8CE8A3}.Debug|Any CPU.ActiveCfg = Debug|Any CPU
		{968B6DFA-394C-404D-947A-A1086F8CE8A3}.Debug|Any CPU.Build.0 = Debug|Any CPU
		{968B6DFA-394C-404D-947A-A1086F8CE8A3}.Release|Any CPU.ActiveCfg = Release|Any CPU
		{968B6DFA-394C-404D-947A-A1086F8CE8A3}.Release|Any CPU.Build.0 = Release|Any CPU
	EndGlobalSection
	GlobalSection(SolutionProperties) = preSolution
		HideSolutionNode = FALSE
	EndGlobalSection
	GlobalSection(ExtensibilityGlobals) = postSolution
		SolutionGuid = {2397FF7B-DFA8-4471-AE2C-AD0FBE21A168}
	EndGlobalSection
EndGlobal
